# generated by rye
# use `rye lock` or `rye sync` to update this lockfile
#
# last locked with the following flags:
#   pre: false
#   features: []
#   all-features: false
#   with-sources: false

-e file:.
arcade==2.6.17
    # via advent-of-code
asttokens==2.4.1
    # via icecream
attrs==23.2.0
    # via pytiled-parser
cffi==1.16.0
    # via pymunk
colorama==0.4.6
    # via icecream
contourpy==1.2.1
    # via matplotlib
cycler==0.12.1
    # via matplotlib
executing==2.0.1
    # via icecream
fonttools==4.51.0
    # via matplotlib
icecream==2.1.3
    # via advent-of-code
kiwisolver==1.4.5
    # via matplotlib
matplotlib==3.8.4
    # via advent-of-code
mpmath==1.3.0
    # via sympy
networkx==3.3
    # via advent-of-code
numpy==1.26.4
    # via advent-of-code
    # via contourpy
    # via matplotlib
packaging==24.0
    # via matplotlib
pillow==9.3.0
    # via arcade
    # via matplotlib
pycparser==2.22
    # via cffi
pyglet==2.0.dev23
    # via arcade
pygments==2.18.0
    # via icecream
pymunk==6.4.0
    # via arcade
pyparsing==3.1.2
    # via matplotlib
python-dateutil==2.9.0.post0
    # via matplotlib
pytiled-parser==2.2.0
    # via arcade
six==1.16.0
    # via asttokens
    # via python-dateutil
sympy==1.12
    # via advent-of-code
typing-extensions==4.11.0
    # via pytiled-parser
